
Microsoft Visual Studio Solution File, Format Version 12.00
# Visual Studio Version 16
VisualStudioVersion = 16.0.29411.108
MinimumVisualStudioVersion = 10.0.40219.1
Project("{FAE04EC0-301F-11D3-BF4B-00C04F79EFBC}") = "KSBL_Task_1_3_5", "KSBL_Task_1_3_5.csproj", "{35AA0C01-C1C0-4816-BA91-015BE2835068}"
EndProject
Global
	GlobalSection(SolutionConfigurationPlatforms) = preSolution
		Debug|Any CPU = Debug|Any CPU
		Release|Any CPU = Release|Any CPU
	EndGlobalSection
	GlobalSection(ProjectConfigurationPlatforms) = postSolution
		{35AA0C01-C1C0-4816-BA91-015BE2835068}.Debug|Any CPU.ActiveCfg = Debug|Any CPU
		{35AA0C01-C1C0-4816-BA91-015BE2835068}.Debug|Any CPU.Build.0 = Debug|Any CPU
		{35AA0C01-C1C0-4816-BA91-015BE2835068}.Release|Any CPU.ActiveCfg = Release|Any CPU
		{35AA0C01-C1C0-4816-BA91-015BE2835068}.Release|Any CPU.Build.0 = Release|Any CPU
	EndGlobalSection
	GlobalSection(SolutionProperties) = preSolution
		HideSolutionNode = FALSE
	EndGlobalSection
	GlobalSection(ExtensibilityGlobals) = postSolution
		SolutionGuid = {4094C8D0-A71C-4762-9ADE-5F623A48FDC6}
	EndGlobalSection
EndGlobal
