
Microsoft Visual Studio Solution File, Format Version 12.00
# Visual Studio Version 16
VisualStudioVersion = 16.0.29411.108
MinimumVisualStudioVersion = 10.0.40219.1
Project("{FAE04EC0-301F-11D3-BF4B-00C04F79EFBC}") = "KSBL_Task_3_6_2", "KSBL_Task_3_6_2.csproj", "{165DBC04-DC4D-411B-830B-C9F6C0B93CA4}"
EndProject
Global
	GlobalSection(SolutionConfigurationPlatforms) = preSolution
		Debug|Any CPU = Debug|Any CPU
		Release|Any CPU = Release|Any CPU
	EndGlobalSection
	GlobalSection(ProjectConfigurationPlatforms) = postSolution
		{165DBC04-DC4D-411B-830B-C9F6C0B93CA4}.Debug|Any CPU.ActiveCfg = Debug|Any CPU
		{165DBC04-DC4D-411B-830B-C9F6C0B93CA4}.Debug|Any CPU.Build.0 = Debug|Any CPU
		{165DBC04-DC4D-411B-830B-C9F6C0B93CA4}.Release|Any CPU.ActiveCfg = Release|Any CPU
		{165DBC04-DC4D-411B-830B-C9F6C0B93CA4}.Release|Any CPU.Build.0 = Release|Any CPU
	EndGlobalSection
	GlobalSection(SolutionProperties) = preSolution
		HideSolutionNode = FALSE
	EndGlobalSection
	GlobalSection(ExtensibilityGlobals) = postSolution
		SolutionGuid = {65745F68-6CE6-4B27-83EC-DB50956E8629}
	EndGlobalSection
EndGlobal
