
Microsoft Visual Studio Solution File, Format Version 12.00
# Visual Studio Version 16
VisualStudioVersion = 16.0.29411.108
MinimumVisualStudioVersion = 10.0.40219.1
Project("{FAE04EC0-301F-11D3-BF4B-00C04F79EFBC}") = "KSBL_Task_1_2_3_Console", "KSBL_Task_1_2_3_Console.csproj", "{04F7E902-585D-4F3A-94A3-FA56000846EE}"
EndProject
Global
	GlobalSection(SolutionConfigurationPlatforms) = preSolution
		Debug|Any CPU = Debug|Any CPU
		Release|Any CPU = Release|Any CPU
	EndGlobalSection
	GlobalSection(ProjectConfigurationPlatforms) = postSolution
		{04F7E902-585D-4F3A-94A3-FA56000846EE}.Debug|Any CPU.ActiveCfg = Debug|Any CPU
		{04F7E902-585D-4F3A-94A3-FA56000846EE}.Debug|Any CPU.Build.0 = Debug|Any CPU
		{04F7E902-585D-4F3A-94A3-FA56000846EE}.Release|Any CPU.ActiveCfg = Release|Any CPU
		{04F7E902-585D-4F3A-94A3-FA56000846EE}.Release|Any CPU.Build.0 = Release|Any CPU
	EndGlobalSection
	GlobalSection(SolutionProperties) = preSolution
		HideSolutionNode = FALSE
	EndGlobalSection
	GlobalSection(ExtensibilityGlobals) = postSolution
		SolutionGuid = {C3CC8129-7A94-47BA-9DC6-51531DBD3105}
	EndGlobalSection
EndGlobal
