
Microsoft Visual Studio Solution File, Format Version 12.00
# Visual Studio Version 16
VisualStudioVersion = 16.0.29411.108
MinimumVisualStudioVersion = 10.0.40219.1
Project("{FAE04EC0-301F-11D3-BF4B-00C04F79EFBC}") = "KSBL_Task_2_4_1", "KSBL_Task_2_4_1.csproj", "{5D05ABEB-99D2-483B-891C-DFDCD82FA191}"
EndProject
Global
	GlobalSection(SolutionConfigurationPlatforms) = preSolution
		Debug|Any CPU = Debug|Any CPU
		Release|Any CPU = Release|Any CPU
	EndGlobalSection
	GlobalSection(ProjectConfigurationPlatforms) = postSolution
		{5D05ABEB-99D2-483B-891C-DFDCD82FA191}.Debug|Any CPU.ActiveCfg = Debug|Any CPU
		{5D05ABEB-99D2-483B-891C-DFDCD82FA191}.Debug|Any CPU.Build.0 = Debug|Any CPU
		{5D05ABEB-99D2-483B-891C-DFDCD82FA191}.Release|Any CPU.ActiveCfg = Release|Any CPU
		{5D05ABEB-99D2-483B-891C-DFDCD82FA191}.Release|Any CPU.Build.0 = Release|Any CPU
	EndGlobalSection
	GlobalSection(SolutionProperties) = preSolution
		HideSolutionNode = FALSE
	EndGlobalSection
	GlobalSection(ExtensibilityGlobals) = postSolution
		SolutionGuid = {D8159AAB-2712-4DC5-AA7F-8A7744418838}
	EndGlobalSection
EndGlobal
